// !$*UTF8*$!
{
	archiveVersion = 1;
	classes = {
	};
	objectVersion = 50;
	objects = {

/* Begin PBXBuildFile section */
		14257A262187E4AB003E2253 /* AppDelegate.swift in Sources */ = {isa = PBXBuildFile; fileRef = 14257A252187E4AB003E2253 /* AppDelegate.swift */; };
		14257A282187E4AB003E2253 /* ViewController.swift in Sources */ = {isa = PBXBuildFile; fileRef = 14257A272187E4AB003E2253 /* ViewController.swift */; };
		14257A2B2187E4AB003E2253 /* Main.storyboard in Resources */ = {isa = PBXBuildFile; fileRef = 14257A292187E4AB003E2253 /* Main.storyboard */; };
		14257A2D2187E4AC003E2253 /* Assets.xcassets in Resources */ = {isa = PBXBuildFile; fileRef = 14257A2C2187E4AC003E2253 /* Assets.xcassets */; };
		14257A302187E4AC003E2253 /* LaunchScreen.storyboard in Resources */ = {isa = PBXBuildFile; fileRef = 14257A2E2187E4AC003E2253 /* LaunchScreen.storyboard */; };
		14257A3B2187E4AC003E2253 /* GcdDemoTests.swift in Sources */ = {isa = PBXBuildFile; fileRef = 14257A3A2187E4AC003E2253 /* GcdDemoTests.swift */; };
		14257A462187E4AC003E2253 /* GcdDemoUITests.swift in Sources */ = {isa = PBXBuildFile; fileRef = 14257A452187E4AC003E2253 /* GcdDemoUITests.swift */; };
		14257A5421883590003E2253 /* DispatchTaskType.swift in Sources */ = {isa = PBXBuildFile; fileRef = 14257A5321883590003E2253 /* DispatchTaskType.swift */; };
		14257A56218836A1003E2253 /* DispatchDemo.swift in Sources */ = {isa = PBXBuildFile; fileRef = 14257A55218836A1003E2253 /* DispatchDemo.swift */; };
/* End PBXBuildFile section */

/* Begin PBXContainerItemProxy section */
		14257A372187E4AC003E2253 /* PBXContainerItemProxy */ = {
			isa = PBXContainerItemProxy;
			containerPortal = 14257A1A2187E4AB003E2253 /* Project object */;
			proxyType = 1;
			remoteGlobalIDString = 14257A212187E4AB003E2253;
			remoteInfo = GcdDemo;
		};
		14257A422187E4AC003E2253 /* PBXContainerItemProxy */ = {
			isa = PBXContainerItemProxy;
			containerPortal = 14257A1A2187E4AB003E2253 /* Project object */;
			proxyType = 1;
			remoteGlobalIDString = 14257A212187E4AB003E2253;
			remoteInfo = GcdDemo;
		};
/* End PBXContainerItemProxy section */

/* Begin PBXFileReference section */
		14257A222187E4AB003E2253 /* GcdDemo.app */ = {isa = PBXFileReference; explicitFileType = wrapper.application; includeInIndex = 0; path = GcdDemo.app; sourceTree = BUILT_PRODUCTS_DIR; };
		14257A252187E4AB003E2253 /* AppDelegate.swift */ = {isa = PBXFileReference; lastKnownFileType = sourcecode.swift; path = AppDelegate.swift; sourceTree = "<group>"; };
		14257A272187E4AB003E2253 /* ViewController.swift */ = {isa = PBXFileReference; lastKnownFileType = sourcecode.swift; path = ViewController.swift; sourceTree = "<group>"; };
		14257A2A2187E4AB003E2253 /* Base */ = {isa = PBXFileReference; lastKnownFileType = file.storyboard; name = Base; path = Base.lproj/Main.storyboard; sourceTree = "<group>"; };
		14257A2C2187E4AC003E2253 /* Assets.xcassets */ = {isa = PBXFileReference; lastKnownFileType = folder.assetcatalog; path = Assets.xcassets; sourceTree = "<group>"; };
		14257A2F2187E4AC003E2253 /* Base */ = {isa = PBXFileReference; lastKnownFileType = file.storyboard; name = Base; path = Base.lproj/LaunchScreen.storyboard; sourceTree = "<group>"; };
		14257A312187E4AC003E2253 /* Info.plist */ = {isa = PBXFileReference; lastKnownFileType = text.plist.xml; path = Info.plist; sourceTree = "<group>"; };
		14257A362187E4AC003E2253 /* GcdDemoTests.xctest */ = {isa = PBXFileReference; explicitFileType = wrapper.cfbundle; includeInIndex = 0; path = GcdDemoTests.xctest; sourceTree = BUILT_PRODUCTS_DIR; };
		14257A3A2187E4AC003E2253 /* GcdDemoTests.swift */ = {isa = PBXFileReference; lastKnownFileType = sourcecode.swift; path = GcdDemoTests.swift; sourceTree = "<group>"; };
		14257A3C2187E4AC003E2253 /* Info.plist */ = {isa = PBXFileReference; lastKnownFileType = text.plist.xml; path = Info.plist; sourceTree = "<group>"; };
		14257A412187E4AC003E2253 /* GcdDemoUITests.xctest */ = {isa = PBXFileReference; explicitFileType = wrapper.cfbundle; includeInIndex = 0; path = GcdDemoUITests.xctest; sourceTree = BUILT_PRODUCTS_DIR; };
		14257A452187E4AC003E2253 /* GcdDemoUITests.swift */ = {isa = PBXFileReference; lastKnownFileType = sourcecode.swift; path = GcdDemoUITests.swift; sourceTree = "<group>"; };
		14257A472187E4AC003E2253 /* Info.plist */ = {isa = PBXFileReference; lastKnownFileType = text.plist.xml; path = Info.plist; sourceTree = "<group>"; };
		14257A5321883590003E2253 /* DispatchTaskType.swift */ = {isa = PBXFileReference; lastKnownFileType = sourcecode.swift; path = DispatchTaskType.swift; sourceTree = "<group>"; };
		14257A55218836A1003E2253 /* DispatchDemo.swift */ = {isa = PBXFileReference; lastKnownFileType = sourcecode.swift; path = DispatchDemo.swift; sourceTree = "<group>"; };
/* End PBXFileReference section */

/* Begin PBXFrameworksBuildPhase section */
		14257A1F2187E4AB003E2253 /* Frameworks */ = {
			isa = PBXFrameworksBuildPhase;
			buildActionMask = 2147483647;
			files = (
			);
			runOnlyForDeploymentPostprocessing = 0;
		};
		14257A332187E4AC003E2253 /* Frameworks */ = {
			isa = PBXFrameworksBuildPhase;
			buildActionMask = 2147483647;
			files = (
			);
			runOnlyForDeploymentPostprocessing = 0;
		};
		14257A3E2187E4AC003E2253 /* Frameworks */ = {
			isa = PBXFrameworksBuildPhase;
			buildActionMask = 2147483647;
			files = (
			);
			runOnlyForDeploymentPostprocessing = 0;
		};
/* End PBXFrameworksBuildPhase section */

/* Begin PBXGroup section */
		14257A192187E4AB003E2253 = {
			isa = PBXGroup;
			children = (
				14257A242187E4AB003E2253 /* GcdDemo */,
				14257A392187E4AC003E2253 /* GcdDemoTests */,
				14257A442187E4AC003E2253 /* GcdDemoUITests */,
				14257A232187E4AB003E2253 /* Products */,
			);
			sourceTree = "<group>";
		};
		14257A232187E4AB003E2253 /* Products */ = {
			isa = PBXGroup;
			children = (
				14257A222187E4AB003E2253 /* GcdDemo.app */,
				14257A362187E4AC003E2253 /* GcdDemoTests.xctest */,
				14257A412187E4AC003E2253 /* GcdDemoUITests.xctest */,
			);
			name = Products;
			sourceTree = "<group>";
		};
		14257A242187E4AB003E2253 /* GcdDemo */ = {
			isa = PBXGroup;
			children = (
				14257A252187E4AB003E2253 /* AppDelegate.swift */,
				14257A272187E4AB003E2253 /* ViewController.swift */,
				14257A292187E4AB003E2253 /* Main.storyboard */,
				14257A2C2187E4AC003E2253 /* Assets.xcassets */,
				14257A2E2187E4AC003E2253 /* LaunchScreen.storyboard */,
				14257A312187E4AC003E2253 /* Info.plist */,
				14257A5321883590003E2253 /* DispatchTaskType.swift */,
				14257A55218836A1003E2253 /* DispatchDemo.swift */,
			);
			path = GcdDemo;
			sourceTree = "<group>";
		};
		14257A392187E4AC003E2253 /* GcdDemoTests */ = {
			isa = PBXGroup;
			children = (
				14257A3A2187E4AC003E2253 /* GcdDemoTests.swift */,
				14257A3C2187E4AC003E2253 /* Info.plist */,
			);
			path = GcdDemoTests;
			sourceTree = "<group>";
		};
		14257A442187E4AC003E2253 /* GcdDemoUITests */ = {
			isa = PBXGroup;
			children = (
				14257A452187E4AC003E2253 /* GcdDemoUITests.swift */,
				14257A472187E4AC003E2253 /* Info.plist */,
			);
			path = GcdDemoUITests;
			sourceTree = "<group>";
		};
/* End PBXGroup section */

/* Begin PBXNativeTarget section */
		14257A212187E4AB003E2253 /* GcdDemo */ = {
			isa = PBXNativeTarget;
			buildConfigurationList = 14257A4A2187E4AC003E2253 /* Build configuration list for PBXNativeTarget "GcdDemo" */;
			buildPhases = (
				14257A1E2187E4AB003E2253 /* Sources */,
				14257A1F2187E4AB003E2253 /* Frameworks */,
				14257A202187E4AB003E2253 /* Resources */,
			);
			buildRules = (
			);
			dependencies = (
			);
			name = GcdDemo;
			productName = GcdDemo;
			productReference = 14257A222187E4AB003E2253 /* GcdDemo.app */;
			productType = "com.apple.product-type.application";
		};
		14257A352187E4AC003E2253 /* GcdDemoTests */ = {
			isa = PBXNativeTarget;
			buildConfigurationList = 14257A4D2187E4AC003E2253 /* Build configuration list for PBXNativeTarget "GcdDemoTests" */;
			buildPhases = (
				14257A322187E4AC003E2253 /* Sources */,
				14257A332187E4AC003E2253 /* Frameworks */,
				14257A342187E4AC003E2253 /* Resources */,
			);
			buildRules = (
			);
			dependencies = (
				14257A382187E4AC003E2253 /* PBXTargetDependency */,
			);
			name = GcdDemoTests;
			productName = GcdDemoTests;
			productReference = 14257A362187E4AC003E2253 /* GcdDemoTests.xctest */;
			productType = "com.apple.product-type.bundle.unit-test";
		};
		14257A402187E4AC003E2253 /* GcdDemoUITests */ = {
			isa = PBXNativeTarget;
			buildConfigurationList = 14257A502187E4AC003E2253 /* Build configuration list for PBXNativeTarget "GcdDemoUITests" */;
			buildPhases = (
				14257A3D2187E4AC003E2253 /* Sources */,
				14257A3E2187E4AC003E2253 /* Frameworks */,
				14257A3F2187E4AC003E2253 /* Resources */,
			);
			buildRules = (
			);
			dependencies = (
				14257A432187E4AC003E2253 /* PBXTargetDependency */,
			);
			name = GcdDemoUITests;
			productName = GcdDemoUITests;
			productReference = 14257A412187E4AC003E2253 /* GcdDemoUITests.xctest */;
			productType = "com.apple.product-type.bundle.ui-testing";
		};
/* End PBXNativeTarget section */

/* Begin PBXProject section */
		14257A1A2187E4AB003E2253 /* Project object */ = {
			isa = PBXProject;
			attributes = {
				LastSwiftUpdateCheck = 1000;
				LastUpgradeCheck = 1000;
				ORGANIZATIONNAME = zack;
				TargetAttributes = {
					14257A212187E4AB003E2253 = {
						CreatedOnToolsVersion = 10.0;
					};
					14257A352187E4AC003E2253 = {
						CreatedOnToolsVersion = 10.0;
						TestTargetID = 14257A212187E4AB003E2253;
					};
					14257A402187E4AC003E2253 = {
						CreatedOnToolsVersion = 10.0;
						TestTargetID = 14257A212187E4AB003E2253;
					};
				};
			};
			buildConfigurationList = 14257A1D2187E4AB003E2253 /* Build configuration list for PBXProject "GcdDemo" */;
			compatibilityVersion = "Xcode 9.3";
			developmentRegion = en;
			hasScannedForEncodings = 0;
			knownRegions = (
				en,
				Base,
			);
			mainGroup = 14257A192187E4AB003E2253;
			productRefGroup = 14257A232187E4AB003E2253 /* Products */;
			projectDirPath = "";
			projectRoot = "";
			targets = (
				14257A212187E4AB003E2253 /* GcdDemo */,
				14257A352187E4AC003E2253 /* GcdDemoTests */,
				14257A402187E4AC003E2253 /* GcdDemoUITests */,
			);
		};
/* End PBXProject section */

/* Begin PBXResourcesBuildPhase section */
		14257A202187E4AB003E2253 /* Resources */ = {
			isa = PBXResourcesBuildPhase;
			buildActionMask = 2147483647;
			files = (
				14257A302187E4AC003E2253 /* LaunchScreen.storyboard in Resources */,
				14257A2D2187E4AC003E2253 /* Assets.xcassets in Resources */,
				14257A2B2187E4AB003E2253 /* Main.storyboard in Resources */,
			);
			runOnlyForDeploymentPostprocessing = 0;
		};
		14257A342187E4AC003E2253 /* Resources */ = {
			isa = PBXResourcesBuildPhase;
			buildActionMask = 2147483647;
			files = (
			);
			runOnlyForDeploymentPostprocessing = 0;
		};
		14257A3F2187E4AC003E2253 /* Resources */ = {
			isa = PBXResourcesBuildPhase;
			buildActionMask = 2147483647;
			files = (
			);
			runOnlyForDeploymentPostprocessing = 0;
		};
/* End PBXResourcesBuildPhase section */

/* Begin PBXSourcesBuildPhase section */
		14257A1E2187E4AB003E2253 /* Sources */ = {
			isa = PBXSourcesBuildPhase;
			buildActionMask = 2147483647;
			files = (
				14257A282187E4AB003E2253 /* ViewController.swift in Sources */,
				14257A262187E4AB003E2253 /* AppDelegate.swift in Sources */,
				14257A56218836A1003E2253 /* DispatchDemo.swift in Sources */,
				14257A5421883590003E2253 /* DispatchTaskType.swift in Sources */,
			);
			runOnlyForDeploymentPostprocessing = 0;
		};
		14257A322187E4AC003E2253 /* Sources */ = {
			isa = PBXSourcesBuildPhase;
			buildActionMask = 2147483647;
			files = (
				14257A3B2187E4AC003E2253 /* GcdDemoTests.swift in Sources */,
			);
			runOnlyForDeploymentPostprocessing = 0;
		};
		14257A3D2187E4AC003E2253 /* Sources */ = {
			isa = PBXSourcesBuildPhase;
			buildActionMask = 2147483647;
			files = (
				14257A462187E4AC003E2253 /* GcdDemoUITests.swift in Sources */,
			);
			runOnlyForDeploymentPostprocessing = 0;
		};
/* End PBXSourcesBuildPhase section */

/* Begin PBXTargetDependency section */
		14257A382187E4AC003E2253 /* PBXTargetDependency */ = {
			isa = PBXTargetDependency;
			target = 14257A212187E4AB003E2253 /* GcdDemo */;
			targetProxy = 14257A372187E4AC003E2253 /* PBXContainerItemProxy */;
		};
		14257A432187E4AC003E2253 /* PBXTargetDependency */ = {
			isa = PBXTargetDependency;
			target = 14257A212187E4AB003E2253 /* GcdDemo */;
			targetProxy = 14257A422187E4AC003E2253 /* PBXContainerItemProxy */;
		};
/* End PBXTargetDependency section */

/* Begin PBXVariantGroup section */
		14257A292187E4AB003E2253 /* Main.storyboard */ = {
			isa = PBXVariantGroup;
			children = (
				14257A2A2187E4AB003E2253 /* Base */,
			);
			name = Main.storyboard;
			sourceTree = "<group>";
		};
		14257A2E2187E4AC003E2253 /* LaunchScreen.storyboard */ = {
			isa = PBXVariantGroup;
			children = (
				14257A2F2187E4AC003E2253 /* Base */,
			);
			name = LaunchScreen.storyboard;
			sourceTree = "<group>";
		};
/* End PBXVariantGroup section */

/* Begin XCBuildConfiguration section */
		14257A482187E4AC003E2253 /* Debug */ = {
			isa = XCBuildConfiguration;
			buildSettings = {
				ALWAYS_SEARCH_USER_PATHS = NO;
				CLANG_ANALYZER_NONNULL = YES;
				CLANG_ANALYZER_NUMBER_OBJECT_CONVERSION = YES_AGGRESSIVE;
				CLANG_CXX_LANGUAGE_STANDARD = "gnu++14";
				CLANG_CXX_LIBRARY = "libc++";
				CLANG_ENABLE_MODULES = YES;
				CLANG_ENABLE_OBJC_ARC = YES;
				CLANG_ENABLE_OBJC_WEAK = YES;
				CLANG_WARN_BLOCK_CAPTURE_AUTORELEASING = YES;
				CLANG_WARN_BOOL_CONVERSION = YES;
				CLANG_WARN_COMMA = YES;
				CLANG_WARN_CONSTANT_CONVERSION = YES;
				CLANG_WARN_DEPRECATED_OBJC_IMPLEMENTATIONS = YES;
				CLANG_WARN_DIRECT_OBJC_ISA_USAGE = YES_ERROR;
				CLANG_WARN_DOCUMENTATION_COMMENTS = YES;
				CLANG_WARN_EMPTY_BODY = YES;
				CLANG_WARN_ENUM_CONVERSION = YES;
				CLANG_WARN_INFINITE_RECURSION = YES;
				CLANG_WARN_INT_CONVERSION = YES;
				CLANG_WARN_NON_LITERAL_NULL_CONVERSION = YES;
				CLANG_WARN_OBJC_IMPLICIT_RETAIN_SELF = YES;
				CLANG_WARN_OBJC_LITERAL_CONVERSION = YES;
				CLANG_WARN_OBJC_ROOT_CLASS = YES_ERROR;
				CLANG_WARN_RANGE_LOOP_ANALYSIS = YES;
				CLANG_WARN_STRICT_PROTOTYPES = YES;
				CLANG_WARN_SUSPICIOUS_MOVE = YES;
				CLANG_WARN_UNGUARDED_AVAILABILITY = YES_AGGRESSIVE;
				CLANG_WARN_UNREACHABLE_CODE = YES;
				CLANG_WARN__DUPLICATE_METHOD_MATCH = YES;
				CODE_SIGN_IDENTITY = "iPhone Developer";
				COPY_PHASE_STRIP = NO;
				DEBUG_INFORMATION_FORMAT = dwarf;
				ENABLE_STRICT_OBJC_MSGSEND = YES;
				ENABLE_TESTABILITY = YES;
				GCC_C_LANGUAGE_STANDARD = gnu11;
				GCC_DYNAMIC_NO_PIC = NO;
				GCC_NO_COMMON_BLOCKS = YES;
				GCC_OPTIMIZATION_LEVEL = 0;
				GCC_PREPROCESSOR_DEFINITIONS = (
					"DEBUG=1",
					"$(inherited)",
				);
				GCC_WARN_64_TO_32_BIT_CONVERSION = YES;
				GCC_WARN_ABOUT_RETURN_TYPE = YES_ERROR;
				GCC_WARN_UNDECLARED_SELECTOR = YES;
				GCC_WARN_UNINITIALIZED_AUTOS = YES_AGGRESSIVE;
				GCC_WARN_UNUSED_FUNCTION = YES;
				GCC_WARN_UNUSED_VARIABLE = YES;
				IPHONEOS_DEPLOYMENT_TARGET = 12.0;
				MTL_ENABLE_DEBUG_INFO = INCLUDE_SOURCE;
				MTL_FAST_MATH = YES;
				ONLY_ACTIVE_ARCH = YES;
				SDKROOT = iphoneos;
				SWIFT_ACTIVE_COMPILATION_CONDITIONS = DEBUG;
				SWIFT_OPTIMIZATION_LEVEL = "-Onone";
			};
			name = Debug;
		};
		14257A492187E4AC003E2253 /* Release */ = {
			isa = XCBuildConfiguration;
			buildSettings = {
				ALWAYS_SEARCH_USER_PATHS = NO;
				CLANG_ANALYZER_NONNULL = YES;
				CLANG_ANALYZER_NUMBER_OBJECT_CONVERSION = YES_AGGRESSIVE;
				CLANG_CXX_LANGUAGE_STANDARD = "gnu++14";
				CLANG_CXX_LIBRARY = "libc++";
				CLANG_ENABLE_MODULES = YES;
				CLANG_ENABLE_OBJC_ARC = YES;
				CLANG_ENABLE_OBJC_WEAK = YES;
				CLANG_WARN_BLOCK_CAPTURE_AUTORELEASING = YES;
				CLANG_WARN_BOOL_CONVERSION = YES;
				CLANG_WARN_COMMA = YES;
				CLANG_WARN_CONSTANT_CONVERSION = YES;
				CLANG_WARN_DEPRECATED_OBJC_IMPLEMENTATIONS = YES;
				CLANG_WARN_DIRECT_OBJC_ISA_USAGE = YES_ERROR;
				CLANG_WARN_DOCUMENTATION_COMMENTS = YES;
				CLANG_WARN_EMPTY_BODY = YES;
				CLANG_WARN_ENUM_CONVERSION = YES;
				CLANG_WARN_INFINITE_RECURSION = YES;
				CLANG_WARN_INT_CONVERSION = YES;
				CLANG_WARN_NON_LITERAL_NULL_CONVERSION = YES;
				CLANG_WARN_OBJC_IMPLICIT_RETAIN_SELF = YES;
				CLANG_WARN_OBJC_LITERAL_CONVERSION = YES;
				CLANG_WARN_OBJC_ROOT_CLASS = YES_ERROR;
				CLANG_WARN_RANGE_LOOP_ANALYSIS = YES;
				CLANG_WARN_STRICT_PROTOTYPES = YES;
				CLANG_WARN_SUSPICIOUS_MOVE = YES;
				CLANG_WARN_UNGUARDED_AVAILABILITY = YES_AGGRESSIVE;
				CLANG_WARN_UNREACHABLE_CODE = YES;
				CLANG_WARN__DUPLICATE_METHOD_MATCH = YES;
				CODE_SIGN_IDENTITY = "iPhone Developer";
				COPY_PHASE_STRIP = NO;
				DEBUG_INFORMATION_FORMAT = "dwarf-with-dsym";
				ENABLE_NS_ASSERTIONS = NO;
				ENABLE_STRICT_OBJC_MSGSEND = YES;
				GCC_C_LANGUAGE_STANDARD = gnu11;
				GCC_NO_COMMON_BLOCKS = YES;
				GCC_WARN_64_TO_32_BIT_CONVERSION = YES;
				GCC_WARN_ABOUT_RETURN_TYPE = YES_ERROR;
				GCC_WARN_UNDECLARED_SELECTOR = YES;
				GCC_WARN_UNINITIALIZED_AUTOS = YES_AGGRESSIVE;
				GCC_WARN_UNUSED_FUNCTION = YES;
				GCC_WARN_UNUSED_VARIABLE = YES;
				IPHONEOS_DEPLOYMENT_TARGET = 12.0;
				MTL_ENABLE_DEBUG_INFO = NO;
				MTL_FAST_MATH = YES;
				SDKROOT = iphoneos;
				SWIFT_COMPILATION_MODE = wholemodule;
				SWIFT_OPTIMIZATION_LEVEL = "-O";
				VALIDATE_PRODUCT = YES;
			};
			name = Release;
		};
		14257A4B2187E4AC003E2253 /* Debug */ = {
			isa = XCBuildConfiguration;
			buildSettings = {
				ASSETCATALOG_COMPILER_APPICON_NAME = AppIcon;
				CODE_SIGN_STYLE = Automatic;
				DEVELOPMENT_TEAM = C3X3UCPSUV;
				INFOPLIST_FILE = GcdDemo/Info.plist;
				LD_RUNPATH_SEARCH_PATHS = (
					"$(inherited)",
					"@executable_path/Frameworks",
				);
				PRODUCT_BUNDLE_IDENTIFIER = mobi.zack.area;
				PRODUCT_NAME = "$(TARGET_NAME)";
				SWIFT_VERSION = 4.2;
				TARGETED_DEVICE_FAMILY = "1,2";
			};
			name = Debug;
		};
		14257A4C2187E4AC003E2253 /* Release */ = {
			isa = XCBuildConfiguration;
			buildSettings = {
				ASSETCATALOG_COMPILER_APPICON_NAME = AppIcon;
				CODE_SIGN_STYLE = Automatic;
				DEVELOPMENT_TEAM = C3X3UCPSUV;
				INFOPLIST_FILE = GcdDemo/Info.plist;
				LD_RUNPATH_SEARCH_PATHS = (
					"$(inherited)",
					"@executable_path/Frameworks",
				);
				PRODUCT_BUNDLE_IDENTIFIER = mobi.zack.area;
				PRODUCT_NAME = "$(TARGET_NAME)";
				SWIFT_VERSION = 4.2;
				TARGETED_DEVICE_FAMILY = "1,2";
			};
			name = Release;
		};
		14257A4E2187E4AC003E2253 /* Debug */ = {
			isa = XCBuildConfiguration;
			buildSettings = {
				ALWAYS_EMBED_SWIFT_STANDARD_LIBRARIES = YES;
				BUNDLE_LOADER = "$(TEST_HOST)";
				CODE_SIGN_STYLE = Automatic;
				DEVELOPMENT_TEAM = C3X3UCPSUV;
				INFOPLIST_FILE = GcdDemoTests/Info.plist;
				LD_RUNPATH_SEARCH_PATHS = (
					"$(inherited)",
					"@executable_path/Frameworks",
					"@loader_path/Frameworks",
				);
				PRODUCT_BUNDLE_IDENTIFIER = mobi.zack.area.GcdDemoTests;
				PRODUCT_NAME = "$(TARGET_NAME)";
				SWIFT_VERSION = 4.2;
				TARGETED_DEVICE_FAMILY = "1,2";
				TEST_HOST = "$(BUILT_PRODUCTS_DIR)/GcdDemo.app/GcdDemo";
			};
			name = Debug;
		};
		14257A4F2187E4AC003E2253 /* Release */ = {
			isa = XCBuildConfiguration;
			buildSettings = {
				ALWAYS_EMBED_SWIFT_STANDARD_LIBRARIES = YES;
				BUNDLE_LOADER = "$(TEST_HOST)";
				CODE_SIGN_STYLE = Automatic;
				DEVELOPMENT_TEAM = C3X3UCPSUV;
				INFOPLIST_FILE = GcdDemoTests/Info.plist;
				LD_RUNPATH_SEARCH_PATHS = (
					"$(inherited)",
					"@executable_path/Frameworks",
					"@loader_path/Frameworks",
				);
				PRODUCT_BUNDLE_IDENTIFIER = mobi.zack.area.GcdDemoTests;
				PRODUCT_NAME = "$(TARGET_NAME)";
				SWIFT_VERSION = 4.2;
				TARGETED_DEVICE_FAMILY = "1,2";
				TEST_HOST = "$(BUILT_PRODUCTS_DIR)/GcdDemo.app/GcdDemo";
			};
			name = Release;
		};
		14257A512187E4AC003E2253 /* Debug */ = {
			isa = XCBuildConfiguration;
			buildSettings = {
				ALWAYS_EMBED_SWIFT_STANDARD_LIBRARIES = YES;
				CODE_SIGN_STYLE = Automatic;
				DEVELOPMENT_TEAM = C3X3UCPSUV;
				INFOPLIST_FILE = GcdDemoUITests/Info.plist;
				LD_RUNPATH_SEARCH_PATHS = (
					"$(inherited)",
					"@executable_path/Frameworks",
					"@loader_path/Frameworks",
				);
				PRODUCT_BUNDLE_IDENTIFIER = mobi.zack.area.GcdDemoUITests;
				PRODUCT_NAME = "$(TARGET_NAME)";
				SWIFT_VERSION = 4.2;
				TARGETED_DEVICE_FAMILY = "1,2";
				TEST_TARGET_NAME = GcdDemo;
			};
			name = Debug;
		};
		14257A522187E4AC003E2253 /* Release */ = {
			isa = XCBuildConfiguration;
			buildSettings = {
				ALWAYS_EMBED_SWIFT_STANDARD_LIBRARIES = YES;
				CODE_SIGN_STYLE = Automatic;
				DEVELOPMENT_TEAM = C3X3UCPSUV;
				INFOPLIST_FILE = GcdDemoUITests/Info.plist;
				LD_RUNPATH_SEARCH_PATHS = (
					"$(inherited)",
					"@executable_path/Frameworks",
					"@loader_path/Frameworks",
				);
				PRODUCT_BUNDLE_IDENTIFIER = mobi.zack.area.GcdDemoUITests;
				PRODUCT_NAME = "$(TARGET_NAME)";
				SWIFT_VERSION = 4.2;
				TARGETED_DEVICE_FAMILY = "1,2";
				TEST_TARGET_NAME = GcdDemo;
			};
			name = Release;
		};
/* End XCBuildConfiguration section */

/* Begin XCConfigurationList section */
		14257A1D2187E4AB003E2253 /* Build configuration list for PBXProject "GcdDemo" */ = {
			isa = XCConfigurationList;
			buildConfigurations = (
				14257A482187E4AC003E2253 /* Debug */,
				14257A492187E4AC003E2253 /* Release */,
			);
			defaultConfigurationIsVisible = 0;
			defaultConfigurationName = Release;
		};
		14257A4A2187E4AC003E2253 /* Build configuration list for PBXNativeTarget "GcdDemo" */ = {
			isa = XCConfigurationList;
			buildConfigurations = (
				14257A4B2187E4AC003E2253 /* Debug */,
				14257A4C2187E4AC003E2253 /* Release */,
			);
			defaultConfigurationIsVisible = 0;
			defaultConfigurationName = Release;
		};
		14257A4D2187E4AC003E2253 /* Build configuration list for PBXNativeTarget "GcdDemoTests" */ = {
			isa = XCConfigurationList;
			buildConfigurations = (
				14257A4E2187E4AC003E2253 /* Debug */,
				14257A4F2187E4AC003E2253 /* Release */,
			);
			defaultConfigurationIsVisible = 0;
			defaultConfigurationName = Release;
		};
		14257A502187E4AC003E2253 /* Build configuration list for PBXNativeTarget "GcdDemoUITests" */ = {
			isa = XCConfigurationList;
			buildConfigurations = (
				14257A512187E4AC003E2253 /* Debug */,
				14257A522187E4AC003E2253 /* Release */,
			);
			defaultConfigurationIsVisible = 0;
			defaultConfigurationName = Release;
		};
/* End XCConfigurationList section */
	};
	rootObject = 14257A1A2187E4AB003E2253 /* Project object */;
}
